
Microsoft Visual Studio Solution File, Format Version 12.00
# Visual Studio 15
VisualStudioVersion = 15.0.27004.2009
MinimumVisualStudioVersion = 10.0.40219.1
Project("{FAE04EC0-301F-11D3-BF4B-00C04F79EFBC}") = "Fields", "Fields\Fields.csproj", "{AE1F44C3-640B-4CB0-BC0E-3D78C3E2E669}"
EndProject
Global
	GlobalSection(SolutionConfigurationPlatforms) = preSolution
		Debug|Any CPU = Debug|Any CPU
		Release|Any CPU = Release|Any CPU
	EndGlobalSection
	GlobalSection(ProjectConfigurationPlatforms) = postSolution
		{AE1F44C3-640B-4CB0-BC0E-3D78C3E2E669}.Debug|Any CPU.ActiveCfg = Debug|Any CPU
		{AE1F44C3-640B-4CB0-BC0E-3D78C3E2E669}.Debug|Any CPU.Build.0 = Debug|Any CPU
		{AE1F44C3-640B-4CB0-BC0E-3D78C3E2E669}.Release|Any CPU.ActiveCfg = Release|Any CPU
		{AE1F44C3-640B-4CB0-BC0E-3D78C3E2E669}.Release|Any CPU.Build.0 = Release|Any CPU
	EndGlobalSection
	GlobalSection(SolutionProperties) = preSolution
		HideSolutionNode = FALSE
	EndGlobalSection
	GlobalSection(ExtensibilityGlobals) = postSolution
		SolutionGuid = {95A9E585-A362-44B9-994A-526FDD0428F8}
	EndGlobalSection
EndGlobal
